
Microsoft Visual Studio Solution File, Format Version 12.00
# Visual Studio 15
VisualStudioVersion = 15.0.28307.902
MinimumVisualStudioVersion = 10.0.40219.1
Project("{FAE04EC0-301F-11D3-BF4B-00C04F79EFBC}") = "PaylorBoards", "PaylorBoards\PaylorBoards.csproj", "{F8C7BEF6-701D-44DC-B470-F6082BDA0BFC}"
EndProject
Global
	GlobalSection(SolutionConfigurationPlatforms) = preSolution
		Debug|Any CPU = Debug|Any CPU
		Release|Any CPU = Release|Any CPU
	EndGlobalSection
	GlobalSection(ProjectConfigurationPlatforms) = postSolution
		{F8C7BEF6-701D-44DC-B470-F6082BDA0BFC}.Debug|Any CPU.ActiveCfg = Debug|Any CPU
		{F8C7BEF6-701D-44DC-B470-F6082BDA0BFC}.Debug|Any CPU.Build.0 = Debug|Any CPU
		{F8C7BEF6-701D-44DC-B470-F6082BDA0BFC}.Release|Any CPU.ActiveCfg = Release|Any CPU
		{F8C7BEF6-701D-44DC-B470-F6082BDA0BFC}.Release|Any CPU.Build.0 = Release|Any CPU
	EndGlobalSection
	GlobalSection(SolutionProperties) = preSolution
		HideSolutionNode = FALSE
	EndGlobalSection
	GlobalSection(ExtensibilityGlobals) = postSolution
		SolutionGuid = {821977AA-2700-4E17-9BBC-5B9687D5F7DC}
	EndGlobalSection
EndGlobal
